
Microsoft Visual Studio Solution File, Format Version 12.00
# Visual Studio Version 17
VisualStudioVersion = 17.11.35208.52
MinimumVisualStudioVersion = 10.0.40219.1
Project("{9A19103F-16F7-4668-BE54-9A1E7A4F7556}") = "JMayer.Example.WindowsService", "JMayer.Example.WindowsService\JMayer.Example.WindowsService.csproj", "{0BC4DB3A-032F-43BA-BC39-380442F0BED0}"
EndProject
Project("{FAE04EC0-301F-11D3-BF4B-00C04F79EFBC}") = "TestProject", "TestProject\TestProject.csproj", "{69EB99BC-2876-4339-AAFE-2AB2B406C0BA}"
EndProject
Global
	GlobalSection(SolutionConfigurationPlatforms) = preSolution
		Debug|Any CPU = Debug|Any CPU
		Release|Any CPU = Release|Any CPU
	EndGlobalSection
	GlobalSection(ProjectConfigurationPlatforms) = postSolution
		{0BC4DB3A-032F-43BA-BC39-380442F0BED0}.Debug|Any CPU.ActiveCfg = Debug|Any CPU
		{0BC4DB3A-032F-43BA-BC39-380442F0BED0}.Debug|Any CPU.Build.0 = Debug|Any CPU
		{0BC4DB3A-032F-43BA-BC39-380442F0BED0}.Release|Any CPU.ActiveCfg = Release|Any CPU
		{0BC4DB3A-032F-43BA-BC39-380442F0BED0}.Release|Any CPU.Build.0 = Release|Any CPU
		{69EB99BC-2876-4339-AAFE-2AB2B406C0BA}.Debug|Any CPU.ActiveCfg = Debug|Any CPU
		{69EB99BC-2876-4339-AAFE-2AB2B406C0BA}.Debug|Any CPU.Build.0 = Debug|Any CPU
		{69EB99BC-2876-4339-AAFE-2AB2B406C0BA}.Release|Any CPU.ActiveCfg = Release|Any CPU
		{69EB99BC-2876-4339-AAFE-2AB2B406C0BA}.Release|Any CPU.Build.0 = Release|Any CPU
	EndGlobalSection
	GlobalSection(SolutionProperties) = preSolution
		HideSolutionNode = FALSE
	EndGlobalSection
	GlobalSection(ExtensibilityGlobals) = postSolution
		SolutionGuid = {9CACDC9D-CE20-4A4C-92D0-10D35AE87F91}
	EndGlobalSection
EndGlobal
